
Microsoft Visual Studio Solution File, Format Version 12.00
# Visual Studio 15
VisualStudioVersion = 15.0.28307.106
MinimumVisualStudioVersion = 10.0.40219.1
Project("{FAE04EC0-301F-11D3-BF4B-00C04F79EFBC}") = "Basket.Console", "Basket.Console\Basket.Console.csproj", "{EFD82B31-6B11-4328-AF8F-9BEB52C8555F}"
EndProject
Project("{FAE04EC0-301F-11D3-BF4B-00C04F79EFBC}") = "Basket.Core", "Basket.Core\Basket.Core.csproj", "{8700C6B3-1C1B-4FF5-8A53-9DE45B316F05}"
EndProject
Project("{FAE04EC0-301F-11D3-BF4B-00C04F79EFBC}") = "Basket.Data", "Basket.Data\Basket.Data.csproj", "{B49C3ED4-3004-43E0-88A5-15ADC59DD209}"
EndProject
Project("{FAE04EC0-301F-11D3-BF4B-00C04F79EFBC}") = "Basket.Test", "Basket.Test\Basket.Test.csproj", "{AB33847D-EC1D-4C73-BA76-9CDD1E9983B5}"
EndProject
Global
	GlobalSection(SolutionConfigurationPlatforms) = preSolution
		Debug|Any CPU = Debug|Any CPU
		Release|Any CPU = Release|Any CPU
	EndGlobalSection
	GlobalSection(ProjectConfigurationPlatforms) = postSolution
		{EFD82B31-6B11-4328-AF8F-9BEB52C8555F}.Debug|Any CPU.ActiveCfg = Debug|Any CPU
		{EFD82B31-6B11-4328-AF8F-9BEB52C8555F}.Debug|Any CPU.Build.0 = Debug|Any CPU
		{EFD82B31-6B11-4328-AF8F-9BEB52C8555F}.Release|Any CPU.ActiveCfg = Release|Any CPU
		{EFD82B31-6B11-4328-AF8F-9BEB52C8555F}.Release|Any CPU.Build.0 = Release|Any CPU
		{8700C6B3-1C1B-4FF5-8A53-9DE45B316F05}.Debug|Any CPU.ActiveCfg = Debug|Any CPU
		{8700C6B3-1C1B-4FF5-8A53-9DE45B316F05}.Debug|Any CPU.Build.0 = Debug|Any CPU
		{8700C6B3-1C1B-4FF5-8A53-9DE45B316F05}.Release|Any CPU.ActiveCfg = Release|Any CPU
		{8700C6B3-1C1B-4FF5-8A53-9DE45B316F05}.Release|Any CPU.Build.0 = Release|Any CPU
		{B49C3ED4-3004-43E0-88A5-15ADC59DD209}.Debug|Any CPU.ActiveCfg = Debug|Any CPU
		{B49C3ED4-3004-43E0-88A5-15ADC59DD209}.Debug|Any CPU.Build.0 = Debug|Any CPU
		{B49C3ED4-3004-43E0-88A5-15ADC59DD209}.Release|Any CPU.ActiveCfg = Release|Any CPU
		{B49C3ED4-3004-43E0-88A5-15ADC59DD209}.Release|Any CPU.Build.0 = Release|Any CPU
		{AB33847D-EC1D-4C73-BA76-9CDD1E9983B5}.Debug|Any CPU.ActiveCfg = Debug|Any CPU
		{AB33847D-EC1D-4C73-BA76-9CDD1E9983B5}.Debug|Any CPU.Build.0 = Debug|Any CPU
		{AB33847D-EC1D-4C73-BA76-9CDD1E9983B5}.Release|Any CPU.ActiveCfg = Release|Any CPU
		{AB33847D-EC1D-4C73-BA76-9CDD1E9983B5}.Release|Any CPU.Build.0 = Release|Any CPU
	EndGlobalSection
	GlobalSection(SolutionProperties) = preSolution
		HideSolutionNode = FALSE
	EndGlobalSection
	GlobalSection(ExtensibilityGlobals) = postSolution
		SolutionGuid = {DDEACFA1-D84E-4126-949F-D8591A0D7F91}
	EndGlobalSection
EndGlobal
